
Microsoft Visual Studio Solution File, Format Version 12.00
# Visual Studio Version 17
VisualStudioVersion = 17.10.35013.160
MinimumVisualStudioVersion = 10.0.40219.1
Project("{9A19103F-16F7-4668-BE54-9A1E7A4F7556}") = "Demo01-Namespace", "Demo01-Namespace\Demo01-Namespace.csproj", "{B91F68BD-7A56-4455-8ACF-4FC657DB8EB5}"
EndProject
Project("{9A19103F-16F7-4668-BE54-9A1E7A4F7556}") = "Demo02-Static", "Demo02-Static\Demo02-Static.csproj", "{50958755-3C82-45AB-AABB-829CF8AF76F7}"
EndProject
Project("{9A19103F-16F7-4668-BE54-9A1E7A4F7556}") = "Demo03-Encapsulation", "Demo03-Encapsulation\Demo03-Encapsulation.csproj", "{2AE9F7B3-086B-454B-AEC3-7CEE500CBACE}"
EndProject
Project("{9A19103F-16F7-4668-BE54-9A1E7A4F7556}") = "Demo04-Constructeur", "Demo04-Constructeur\Demo04-Constructeur.csproj", "{B92255DD-3E38-42BC-A375-01466D951AB1}"
EndProject
Project("{9A19103F-16F7-4668-BE54-9A1E7A4F7556}") = "Demo05-Indexeur", "Demo05-Indexeur\Demo05-Indexeur.csproj", "{CE062621-6898-48CE-AB59-B3D41C9D7426}"
EndProject
Project("{9A19103F-16F7-4668-BE54-9A1E7A4F7556}") = "Demo06-Operators", "Demo06-Operators\Demo06-Operators.csproj", "{3B3C4DA4-AFDB-4647-9C57-CFE732AD2320}"
EndProject
Project("{9A19103F-16F7-4668-BE54-9A1E7A4F7556}") = "Demo07-Heritage", "Demo07-Heritage\Demo07-Heritage.csproj", "{25C199C2-25DD-44B3-B8BA-98C7FB350D53}"
EndProject
Project("{9A19103F-16F7-4668-BE54-9A1E7A4F7556}") = "Demo08-Abstract", "Demo08-Abstract\Demo08-Abstract.csproj", "{641C23FB-5F4E-45DB-AE53-71CEEE7007C6}"
EndProject
Project("{9A19103F-16F7-4668-BE54-9A1E7A4F7556}") = "Demo09-Interfaces", "Demo09-Interfaces\Demo09-Interfaces.csproj", "{94773058-F3CD-47DE-80BB-974CB5CABB5C}"
EndProject
Project("{9A19103F-16F7-4668-BE54-9A1E7A4F7556}") = "Demo10-Abstraction", "Demo10-Abstraction\Demo10-Abstraction.csproj", "{C6A43A62-D613-43D8-89EC-C799455E999B}"
EndProject
Project("{9A19103F-16F7-4668-BE54-9A1E7A4F7556}") = "Demo11-InterfaceFiltre", "Demo11-InterfaceFiltre\Demo11-InterfaceFiltre.csproj", "{73F66D18-7B25-4550-8F5F-19EB9FDC65F0}"
EndProject
Project("{9A19103F-16F7-4668-BE54-9A1E7A4F7556}") = "Demo12-IDisposable", "Demo12-IDisposable\Demo12-IDisposable.csproj", "{7DAF24E7-1FAA-43E6-81EA-4E306A0B5A1B}"
EndProject
Project("{9A19103F-16F7-4668-BE54-9A1E7A4F7556}") = "Demo13-Exceptions", "Demo13-Exceptions\Demo13-Exceptions.csproj", "{87336E20-DD25-4879-8B74-9126114D7E6F}"
EndProject
Project("{FAE04EC0-301F-11D3-BF4B-00C04F79EFBC}") = "Demo14-Delegate01", "Demo14-Delegate01\Demo14-Delegate01.csproj", "{91335250-29ED-45A2-B011-38FCEB2900C8}"
EndProject
Global
	GlobalSection(SolutionConfigurationPlatforms) = preSolution
		Debug|Any CPU = Debug|Any CPU
		Release|Any CPU = Release|Any CPU
	EndGlobalSection
	GlobalSection(ProjectConfigurationPlatforms) = postSolution
		{B91F68BD-7A56-4455-8ACF-4FC657DB8EB5}.Debug|Any CPU.ActiveCfg = Debug|Any CPU
		{B91F68BD-7A56-4455-8ACF-4FC657DB8EB5}.Debug|Any CPU.Build.0 = Debug|Any CPU
		{B91F68BD-7A56-4455-8ACF-4FC657DB8EB5}.Release|Any CPU.ActiveCfg = Release|Any CPU
		{B91F68BD-7A56-4455-8ACF-4FC657DB8EB5}.Release|Any CPU.Build.0 = Release|Any CPU
		{50958755-3C82-45AB-AABB-829CF8AF76F7}.Debug|Any CPU.ActiveCfg = Debug|Any CPU
		{50958755-3C82-45AB-AABB-829CF8AF76F7}.Debug|Any CPU.Build.0 = Debug|Any CPU
		{50958755-3C82-45AB-AABB-829CF8AF76F7}.Release|Any CPU.ActiveCfg = Release|Any CPU
		{50958755-3C82-45AB-AABB-829CF8AF76F7}.Release|Any CPU.Build.0 = Release|Any CPU
		{2AE9F7B3-086B-454B-AEC3-7CEE500CBACE}.Debug|Any CPU.ActiveCfg = Debug|Any CPU
		{2AE9F7B3-086B-454B-AEC3-7CEE500CBACE}.Debug|Any CPU.Build.0 = Debug|Any CPU
		{2AE9F7B3-086B-454B-AEC3-7CEE500CBACE}.Release|Any CPU.ActiveCfg = Release|Any CPU
		{2AE9F7B3-086B-454B-AEC3-7CEE500CBACE}.Release|Any CPU.Build.0 = Release|Any CPU
		{B92255DD-3E38-42BC-A375-01466D951AB1}.Debug|Any CPU.ActiveCfg = Debug|Any CPU
		{B92255DD-3E38-42BC-A375-01466D951AB1}.Debug|Any CPU.Build.0 = Debug|Any CPU
		{B92255DD-3E38-42BC-A375-01466D951AB1}.Release|Any CPU.ActiveCfg = Release|Any CPU
		{B92255DD-3E38-42BC-A375-01466D951AB1}.Release|Any CPU.Build.0 = Release|Any CPU
		{CE062621-6898-48CE-AB59-B3D41C9D7426}.Debug|Any CPU.ActiveCfg = Debug|Any CPU
		{CE062621-6898-48CE-AB59-B3D41C9D7426}.Debug|Any CPU.Build.0 = Debug|Any CPU
		{CE062621-6898-48CE-AB59-B3D41C9D7426}.Release|Any CPU.ActiveCfg = Release|Any CPU
		{CE062621-6898-48CE-AB59-B3D41C9D7426}.Release|Any CPU.Build.0 = Release|Any CPU
		{3B3C4DA4-AFDB-4647-9C57-CFE732AD2320}.Debug|Any CPU.ActiveCfg = Debug|Any CPU
		{3B3C4DA4-AFDB-4647-9C57-CFE732AD2320}.Debug|Any CPU.Build.0 = Debug|Any CPU
		{3B3C4DA4-AFDB-4647-9C57-CFE732AD2320}.Release|Any CPU.ActiveCfg = Release|Any CPU
		{3B3C4DA4-AFDB-4647-9C57-CFE732AD2320}.Release|Any CPU.Build.0 = Release|Any CPU
		{25C199C2-25DD-44B3-B8BA-98C7FB350D53}.Debug|Any CPU.ActiveCfg = Debug|Any CPU
		{25C199C2-25DD-44B3-B8BA-98C7FB350D53}.Debug|Any CPU.Build.0 = Debug|Any CPU
		{25C199C2-25DD-44B3-B8BA-98C7FB350D53}.Release|Any CPU.ActiveCfg = Release|Any CPU
		{25C199C2-25DD-44B3-B8BA-98C7FB350D53}.Release|Any CPU.Build.0 = Release|Any CPU
		{641C23FB-5F4E-45DB-AE53-71CEEE7007C6}.Debug|Any CPU.ActiveCfg = Debug|Any CPU
		{641C23FB-5F4E-45DB-AE53-71CEEE7007C6}.Debug|Any CPU.Build.0 = Debug|Any CPU
		{641C23FB-5F4E-45DB-AE53-71CEEE7007C6}.Release|Any CPU.ActiveCfg = Release|Any CPU
		{641C23FB-5F4E-45DB-AE53-71CEEE7007C6}.Release|Any CPU.Build.0 = Release|Any CPU
		{94773058-F3CD-47DE-80BB-974CB5CABB5C}.Debug|Any CPU.ActiveCfg = Debug|Any CPU
		{94773058-F3CD-47DE-80BB-974CB5CABB5C}.Debug|Any CPU.Build.0 = Debug|Any CPU
		{94773058-F3CD-47DE-80BB-974CB5CABB5C}.Release|Any CPU.ActiveCfg = Release|Any CPU
		{94773058-F3CD-47DE-80BB-974CB5CABB5C}.Release|Any CPU.Build.0 = Release|Any CPU
		{C6A43A62-D613-43D8-89EC-C799455E999B}.Debug|Any CPU.ActiveCfg = Debug|Any CPU
		{C6A43A62-D613-43D8-89EC-C799455E999B}.Debug|Any CPU.Build.0 = Debug|Any CPU
		{C6A43A62-D613-43D8-89EC-C799455E999B}.Release|Any CPU.ActiveCfg = Release|Any CPU
		{C6A43A62-D613-43D8-89EC-C799455E999B}.Release|Any CPU.Build.0 = Release|Any CPU
		{73F66D18-7B25-4550-8F5F-19EB9FDC65F0}.Debug|Any CPU.ActiveCfg = Debug|Any CPU
		{73F66D18-7B25-4550-8F5F-19EB9FDC65F0}.Debug|Any CPU.Build.0 = Debug|Any CPU
		{73F66D18-7B25-4550-8F5F-19EB9FDC65F0}.Release|Any CPU.ActiveCfg = Release|Any CPU
		{73F66D18-7B25-4550-8F5F-19EB9FDC65F0}.Release|Any CPU.Build.0 = Release|Any CPU
		{7DAF24E7-1FAA-43E6-81EA-4E306A0B5A1B}.Debug|Any CPU.ActiveCfg = Debug|Any CPU
		{7DAF24E7-1FAA-43E6-81EA-4E306A0B5A1B}.Debug|Any CPU.Build.0 = Debug|Any CPU
		{7DAF24E7-1FAA-43E6-81EA-4E306A0B5A1B}.Release|Any CPU.ActiveCfg = Release|Any CPU
		{7DAF24E7-1FAA-43E6-81EA-4E306A0B5A1B}.Release|Any CPU.Build.0 = Release|Any CPU
		{87336E20-DD25-4879-8B74-9126114D7E6F}.Debug|Any CPU.ActiveCfg = Debug|Any CPU
		{87336E20-DD25-4879-8B74-9126114D7E6F}.Debug|Any CPU.Build.0 = Debug|Any CPU
		{87336E20-DD25-4879-8B74-9126114D7E6F}.Release|Any CPU.ActiveCfg = Release|Any CPU
		{87336E20-DD25-4879-8B74-9126114D7E6F}.Release|Any CPU.Build.0 = Release|Any CPU
		{91335250-29ED-45A2-B011-38FCEB2900C8}.Debug|Any CPU.ActiveCfg = Debug|Any CPU
		{91335250-29ED-45A2-B011-38FCEB2900C8}.Debug|Any CPU.Build.0 = Debug|Any CPU
		{91335250-29ED-45A2-B011-38FCEB2900C8}.Release|Any CPU.ActiveCfg = Release|Any CPU
		{91335250-29ED-45A2-B011-38FCEB2900C8}.Release|Any CPU.Build.0 = Release|Any CPU
	EndGlobalSection
	GlobalSection(SolutionProperties) = preSolution
		HideSolutionNode = FALSE
	EndGlobalSection
	GlobalSection(ExtensibilityGlobals) = postSolution
		SolutionGuid = {E2407EDD-DABD-416E-8055-FF9F2A77C884}
	EndGlobalSection
EndGlobal
